{
  "name": "react-native-router-flux",
  "version": "4.2.0",
  "lockfileVersion": 1,
  "requires": true,
  "dependencies": {
    "@react-native-seoul/kakao-login": {
      "version": "2.10.1",
      "resolved": "https://registry.npmjs.org/@react-native-seoul/kakao-login/-/kakao-login-2.10.1.tgz",
      "integrity": "sha512-cviMHZ4I9BA/zYaDZdBK+paKvHl4sg43aoVwLkfriiaxH9Xc49942SO6v1IjnQISZX1SYbWw1f4uvNhHb9/XXA==",
      "requires": {
        "dooboolab-welcome": "^1.1.0"
      }
    },
    "dooboolab-welcome": {
      "version": "1.2.0",
      "resolved": "https://registry.npmjs.org/dooboolab-welcome/-/dooboolab-welcome-1.2.0.tgz",
      "integrity": "sha512-XgEbjJHAsKLge/e8jtuHsv84Ovg1Gx0GvnOTOmOlVGV1643nduTAkT3fyo/mxKbzvyXBr47RHaJAY4R2toI0UA=="
    }
  }
}
